// !$*UTF8*$!
{
	archiveVersion = 1;
	classes = {
	};
	objectVersion = 50;
	objects = {

/* Begin PBXBuildFile section */
		720BA18C26774E5A006F5C0B /* RecordingCell.swift in Sources */ = {isa = PBXBuildFile; fileRef = 720BA18B26774E5A006F5C0B /* RecordingCell.swift */; };
		728A0996266FCA1800685F4D /* RecordingModel.swift in Sources */ = {isa = PBXBuildFile; fileRef = 728A0995266FCA1800685F4D /* RecordingModel.swift */; };
		72FA0A18265FC61000545F01 /* AppDelegate.swift in Sources */ = {isa = PBXBuildFile; fileRef = 72FA0A17265FC61000545F01 /* AppDelegate.swift */; };
		72FA0A1A265FC61000545F01 /* SceneDelegate.swift in Sources */ = {isa = PBXBuildFile; fileRef = 72FA0A19265FC61000545F01 /* SceneDelegate.swift */; };
		72FA0A1C265FC61000545F01 /* ViewController.swift in Sources */ = {isa = PBXBuildFile; fileRef = 72FA0A1B265FC61000545F01 /* ViewController.swift */; };
		72FA0A1F265FC61000545F01 /* Main.storyboard in Resources */ = {isa = PBXBuildFile; fileRef = 72FA0A1D265FC61000545F01 /* Main.storyboard */; };
		72FA0A21265FC61200545F01 /* Assets.xcassets in Resources */ = {isa = PBXBuildFile; fileRef = 72FA0A20265FC61200545F01 /* Assets.xcassets */; };
		72FA0A24265FC61200545F01 /* LaunchScreen.storyboard in Resources */ = {isa = PBXBuildFile; fileRef = 72FA0A22265FC61200545F01 /* LaunchScreen.storyboard */; };
/* End PBXBuildFile section */

/* Begin PBXFileReference section */
		720BA18B26774E5A006F5C0B /* RecordingCell.swift */ = {isa = PBXFileReference; lastKnownFileType = sourcecode.swift; path = RecordingCell.swift; sourceTree = "<group>"; };
		728A0995266FCA1800685F4D /* RecordingModel.swift */ = {isa = PBXFileReference; lastKnownFileType = sourcecode.swift; path = RecordingModel.swift; sourceTree = "<group>"; };
		72FA0A14265FC61000545F01 /* kent_hw_avrecording.app */ = {isa = PBXFileReference; explicitFileType = wrapper.application; includeInIndex = 0; path = kent_hw_avrecording.app; sourceTree = BUILT_PRODUCTS_DIR; };
		72FA0A17265FC61000545F01 /* AppDelegate.swift */ = {isa = PBXFileReference; lastKnownFileType = sourcecode.swift; path = AppDelegate.swift; sourceTree = "<group>"; };
		72FA0A19265FC61000545F01 /* SceneDelegate.swift */ = {isa = PBXFileReference; lastKnownFileType = sourcecode.swift; path = SceneDelegate.swift; sourceTree = "<group>"; };
		72FA0A1B265FC61000545F01 /* ViewController.swift */ = {isa = PBXFileReference; lastKnownFileType = sourcecode.swift; path = ViewController.swift; sourceTree = "<group>"; };
		72FA0A1E265FC61000545F01 /* Base */ = {isa = PBXFileReference; lastKnownFileType = file.storyboard; name = Base; path = Base.lproj/Main.storyboard; sourceTree = "<group>"; };
		72FA0A20265FC61200545F01 /* Assets.xcassets */ = {isa = PBXFileReference; lastKnownFileType = folder.assetcatalog; path = Assets.xcassets; sourceTree = "<group>"; };
		72FA0A23265FC61200545F01 /* Base */ = {isa = PBXFileReference; lastKnownFileType = file.storyboard; name = Base; path = Base.lproj/LaunchScreen.storyboard; sourceTree = "<group>"; };
		72FA0A25265FC61200545F01 /* Info.plist */ = {isa = PBXFileReference; lastKnownFileType = text.plist.xml; path = Info.plist; sourceTree = "<group>"; };
/* End PBXFileReference section */

/* Begin PBXFrameworksBuildPhase section */
		72FA0A11265FC61000545F01 /* Frameworks */ = {
			isa = PBXFrameworksBuildPhase;
			buildActionMask = 2147483647;
			files = (
			);
			runOnlyForDeploymentPostprocessing = 0;
		};
/* End PBXFrameworksBuildPhase section */

/* Begin PBXGroup section */
		72FA0A0B265FC61000545F01 = {
			isa = PBXGroup;
			children = (
				72FA0A16265FC61000545F01 /* kent_hw_avrecording */,
			);
			sourceTree = "<group>";
		};
		72FA0A15265FC61000545F01 /* Products */ = {
			isa = PBXGroup;
			children = (
				72FA0A14265FC61000545F01 /* kent_hw_avrecording.app */,
			);
			name = Products;
			path = ..;
			sourceTree = "<group>";
		};
		72FA0A16265FC61000545F01 /* kent_hw_avrecording */ = {
			isa = PBXGroup;
			children = (
				72FA0A17265FC61000545F01 /* AppDelegate.swift */,
				72FA0A19265FC61000545F01 /* SceneDelegate.swift */,
				72FA0A1B265FC61000545F01 /* ViewController.swift */,
				72FA0A1D265FC61000545F01 /* Main.storyboard */,
				72FA0A20265FC61200545F01 /* Assets.xcassets */,
				72FA0A22265FC61200545F01 /* LaunchScreen.storyboard */,
				72FA0A25265FC61200545F01 /* Info.plist */,
				728A0995266FCA1800685F4D /* RecordingModel.swift */,
				720BA18B26774E5A006F5C0B /* RecordingCell.swift */,
				72FA0A15265FC61000545F01 /* Products */,
			);
			path = kent_hw_avrecording;
			sourceTree = "<group>";
		};
/* End PBXGroup section */

/* Begin PBXNativeTarget section */
		72FA0A13265FC61000545F01 /* kent_hw_avrecording */ = {
			isa = PBXNativeTarget;
			buildConfigurationList = 72FA0A28265FC61200545F01 /* Build configuration list for PBXNativeTarget "kent_hw_avrecording" */;
			buildPhases = (
				72FA0A10265FC61000545F01 /* Sources */,
				72FA0A11265FC61000545F01 /* Frameworks */,
				72FA0A12265FC61000545F01 /* Resources */,
			);
			buildRules = (
			);
			dependencies = (
			);
			name = kent_hw_avrecording;
			productName = kent_hw_avrecording;
			productReference = 72FA0A14265FC61000545F01 /* kent_hw_avrecording.app */;
			productType = "com.apple.product-type.application";
		};
/* End PBXNativeTarget section */

/* Begin PBXProject section */
		72FA0A0C265FC61000545F01 /* Project object */ = {
			isa = PBXProject;
			attributes = {
				LastSwiftUpdateCheck = 1250;
				LastUpgradeCheck = 1250;
				TargetAttributes = {
					72FA0A13265FC61000545F01 = {
						CreatedOnToolsVersion = 12.5;
					};
				};
			};
			buildConfigurationList = 72FA0A0F265FC61000545F01 /* Build configuration list for PBXProject "kent_hw_avrecording" */;
			compatibilityVersion = "Xcode 9.3";
			developmentRegion = en;
			hasScannedForEncodings = 0;
			knownRegions = (
				en,
				Base,
			);
			mainGroup = 72FA0A0B265FC61000545F01;
			productRefGroup = 72FA0A15265FC61000545F01 /* Products */;
			projectDirPath = "";
			projectRoot = "";
			targets = (
				72FA0A13265FC61000545F01 /* kent_hw_avrecording */,
			);
		};
/* End PBXProject section */

/* Begin PBXResourcesBuildPhase section */
		72FA0A12265FC61000545F01 /* Resources */ = {
			isa = PBXResourcesBuildPhase;
			buildActionMask = 2147483647;
			files = (
				72FA0A24265FC61200545F01 /* LaunchScreen.storyboard in Resources */,
				72FA0A21265FC61200545F01 /* Assets.xcassets in Resources */,
				72FA0A1F265FC61000545F01 /* Main.storyboard in Resources */,
			);
			runOnlyForDeploymentPostprocessing = 0;
		};
/* End PBXResourcesBuildPhase section */

/* Begin PBXSourcesBuildPhase section */
		72FA0A10265FC61000545F01 /* Sources */ = {
			isa = PBXSourcesBuildPhase;
			buildActionMask = 2147483647;
			files = (
				72FA0A1C265FC61000545F01 /* ViewController.swift in Sources */,
				728A0996266FCA1800685F4D /* RecordingModel.swift in Sources */,
				72FA0A18265FC61000545F01 /* AppDelegate.swift in Sources */,
				720BA18C26774E5A006F5C0B /* RecordingCell.swift in Sources */,
				72FA0A1A265FC61000545F01 /* SceneDelegate.swift in Sources */,
			);
			runOnlyForDeploymentPostprocessing = 0;
		};
/* End PBXSourcesBuildPhase section */

/* Begin PBXVariantGroup section */
		72FA0A1D265FC61000545F01 /* Main.storyboard */ = {
			isa = PBXVariantGroup;
			children = (
				72FA0A1E265FC61000545F01 /* Base */,
			);
			name = Main.storyboard;
			sourceTree = "<group>";
		};
		72FA0A22265FC61200545F01 /* LaunchScreen.storyboard */ = {
			isa = PBXVariantGroup;
			children = (
				72FA0A23265FC61200545F01 /* Base */,
			);
			name = LaunchScreen.storyboard;
			sourceTree = "<group>";
		};
/* End PBXVariantGroup section */

/* Begin XCBuildConfiguration section */
		72FA0A26265FC61200545F01 /* Debug */ = {
			isa = XCBuildConfiguration;
			buildSettings = {
				ALWAYS_SEARCH_USER_PATHS = NO;
				CLANG_ANALYZER_NONNULL = YES;
				CLANG_ANALYZER_NUMBER_OBJECT_CONVERSION = YES_AGGRESSIVE;
				CLANG_CXX_LANGUAGE_STANDARD = "gnu++14";
				CLANG_CXX_LIBRARY = "libc++";
				CLANG_ENABLE_MODULES = YES;
				CLANG_ENABLE_OBJC_ARC = YES;
				CLANG_ENABLE_OBJC_WEAK = YES;
				CLANG_WARN_BLOCK_CAPTURE_AUTORELEASING = YES;
				CLANG_WARN_BOOL_CONVERSION = YES;
				CLANG_WARN_COMMA = YES;
				CLANG_WARN_CONSTANT_CONVERSION = YES;
				CLANG_WARN_DEPRECATED_OBJC_IMPLEMENTATIONS = YES;
				CLANG_WARN_DIRECT_OBJC_ISA_USAGE = YES_ERROR;
				CLANG_WARN_DOCUMENTATION_COMMENTS = YES;
				CLANG_WARN_EMPTY_BODY = YES;
				CLANG_WARN_ENUM_CONVERSION = YES;
				CLANG_WARN_INFINITE_RECURSION = YES;
				CLANG_WARN_INT_CONVERSION = YES;
				CLANG_WARN_NON_LITERAL_NULL_CONVERSION = YES;
				CLANG_WARN_OBJC_IMPLICIT_RETAIN_SELF = YES;
				CLANG_WARN_OBJC_LITERAL_CONVERSION = YES;
				CLANG_WARN_OBJC_ROOT_CLASS = YES_ERROR;
				CLANG_WARN_QUOTED_INCLUDE_IN_FRAMEWORK_HEADER = YES;
				CLANG_WARN_RANGE_LOOP_ANALYSIS = YES;
				CLANG_WARN_STRICT_PROTOTYPES = YES;
				CLANG_WARN_SUSPICIOUS_MOVE = YES;
				CLANG_WARN_UNGUARDED_AVAILABILITY = YES_AGGRESSIVE;
				CLANG_WARN_UNREACHABLE_CODE = YES;
				CLANG_WARN__DUPLICATE_METHOD_MATCH = YES;
				COPY_PHASE_STRIP = NO;
				DEBUG_INFORMATION_FORMAT = dwarf;
				ENABLE_STRICT_OBJC_MSGSEND = YES;
				ENABLE_TESTABILITY = YES;
				GCC_C_LANGUAGE_STANDARD = gnu11;
				GCC_DYNAMIC_NO_PIC = NO;
				GCC_NO_COMMON_BLOCKS = YES;
				GCC_OPTIMIZATION_LEVEL = 0;
				GCC_PREPROCESSOR_DEFINITIONS = (
					"DEBUG=1",
					"$(inherited)",
				);
				GCC_WARN_64_TO_32_BIT_CONVERSION = YES;
				GCC_WARN_ABOUT_RETURN_TYPE = YES_ERROR;
				GCC_WARN_UNDECLARED_SELECTOR = YES;
				GCC_WARN_UNINITIALIZED_AUTOS = YES_AGGRESSIVE;
				GCC_WARN_UNUSED_FUNCTION = YES;
				GCC_WARN_UNUSED_VARIABLE = YES;
				IPHONEOS_DEPLOYMENT_TARGET = 14.5;
				MTL_ENABLE_DEBUG_INFO = INCLUDE_SOURCE;
				MTL_FAST_MATH = YES;
				ONLY_ACTIVE_ARCH = YES;
				SDKROOT = iphoneos;
				SWIFT_ACTIVE_COMPILATION_CONDITIONS = DEBUG;
				SWIFT_OPTIMIZATION_LEVEL = "-Onone";
			};
			name = Debug;
		};
		72FA0A27265FC61200545F01 /* Release */ = {
			isa = XCBuildConfiguration;
			buildSettings = {
				ALWAYS_SEARCH_USER_PATHS = NO;
				CLANG_ANALYZER_NONNULL = YES;
				CLANG_ANALYZER_NUMBER_OBJECT_CONVERSION = YES_AGGRESSIVE;
				CLANG_CXX_LANGUAGE_STANDARD = "gnu++14";
				CLANG_CXX_LIBRARY = "libc++";
				CLANG_ENABLE_MODULES = YES;
				CLANG_ENABLE_OBJC_ARC = YES;
				CLANG_ENABLE_OBJC_WEAK = YES;
				CLANG_WARN_BLOCK_CAPTURE_AUTORELEASING = YES;
				CLANG_WARN_BOOL_CONVERSION = YES;
				CLANG_WARN_COMMA = YES;
				CLANG_WARN_CONSTANT_CONVERSION = YES;
				CLANG_WARN_DEPRECATED_OBJC_IMPLEMENTATIONS = YES;
				CLANG_WARN_DIRECT_OBJC_ISA_USAGE = YES_ERROR;
				CLANG_WARN_DOCUMENTATION_COMMENTS = YES;
				CLANG_WARN_EMPTY_BODY = YES;
				CLANG_WARN_ENUM_CONVERSION = YES;
				CLANG_WARN_INFINITE_RECURSION = YES;
				CLANG_WARN_INT_CONVERSION = YES;
				CLANG_WARN_NON_LITERAL_NULL_CONVERSION = YES;
				CLANG_WARN_OBJC_IMPLICIT_RETAIN_SELF = YES;
				CLANG_WARN_OBJC_LITERAL_CONVERSION = YES;
				CLANG_WARN_OBJC_ROOT_CLASS = YES_ERROR;
				CLANG_WARN_QUOTED_INCLUDE_IN_FRAMEWORK_HEADER = YES;
				CLANG_WARN_RANGE_LOOP_ANALYSIS = YES;
				CLANG_WARN_STRICT_PROTOTYPES = YES;
				CLANG_WARN_SUSPICIOUS_MOVE = YES;
				CLANG_WARN_UNGUARDED_AVAILABILITY = YES_AGGRESSIVE;
				CLANG_WARN_UNREACHABLE_CODE = YES;
				CLANG_WARN__DUPLICATE_METHOD_MATCH = YES;
				COPY_PHASE_STRIP = NO;
				DEBUG_INFORMATION_FORMAT = "dwarf-with-dsym";
				ENABLE_NS_ASSERTIONS = NO;
				ENABLE_STRICT_OBJC_MSGSEND = YES;
				GCC_C_LANGUAGE_STANDARD = gnu11;
				GCC_NO_COMMON_BLOCKS = YES;
				GCC_WARN_64_TO_32_BIT_CONVERSION = YES;
				GCC_WARN_ABOUT_RETURN_TYPE = YES_ERROR;
				GCC_WARN_UNDECLARED_SELECTOR = YES;
				GCC_WARN_UNINITIALIZED_AUTOS = YES_AGGRESSIVE;
				GCC_WARN_UNUSED_FUNCTION = YES;
				GCC_WARN_UNUSED_VARIABLE = YES;
				IPHONEOS_DEPLOYMENT_TARGET = 14.5;
				MTL_ENABLE_DEBUG_INFO = NO;
				MTL_FAST_MATH = YES;
				SDKROOT = iphoneos;
				SWIFT_COMPILATION_MODE = wholemodule;
				SWIFT_OPTIMIZATION_LEVEL = "-O";
				VALIDATE_PRODUCT = YES;
			};
			name = Release;
		};
		72FA0A29265FC61200545F01 /* Debug */ = {
			isa = XCBuildConfiguration;
			buildSettings = {
				ASSETCATALOG_COMPILER_APPICON_NAME = AppIcon;
				ASSETCATALOG_COMPILER_GLOBAL_ACCENT_COLOR_NAME = AccentColor;
				CODE_SIGN_STYLE = Automatic;
				DEVELOPMENT_TEAM = LAQ936FAM8;
				INFOPLIST_FILE = kent_hw_avrecording/Info.plist;
				LD_RUNPATH_SEARCH_PATHS = (
					"$(inherited)",
					"@executable_path/Frameworks",
				);
				PRODUCT_BUNDLE_IDENTIFIER = "com.miketsai.kent-hw-avrecording";
				PRODUCT_NAME = "$(TARGET_NAME)";
				SWIFT_VERSION = 5.0;
				TARGETED_DEVICE_FAMILY = "1,2";
			};
			name = Debug;
		};
		72FA0A2A265FC61200545F01 /* Release */ = {
			isa = XCBuildConfiguration;
			buildSettings = {
				ASSETCATALOG_COMPILER_APPICON_NAME = AppIcon;
				ASSETCATALOG_COMPILER_GLOBAL_ACCENT_COLOR_NAME = AccentColor;
				CODE_SIGN_STYLE = Automatic;
				DEVELOPMENT_TEAM = LAQ936FAM8;
				INFOPLIST_FILE = kent_hw_avrecording/Info.plist;
				LD_RUNPATH_SEARCH_PATHS = (
					"$(inherited)",
					"@executable_path/Frameworks",
				);
				PRODUCT_BUNDLE_IDENTIFIER = "com.miketsai.kent-hw-avrecording";
				PRODUCT_NAME = "$(TARGET_NAME)";
				SWIFT_VERSION = 5.0;
				TARGETED_DEVICE_FAMILY = "1,2";
			};
			name = Release;
		};
/* End XCBuildConfiguration section */

/* Begin XCConfigurationList section */
		72FA0A0F265FC61000545F01 /* Build configuration list for PBXProject "kent_hw_avrecording" */ = {
			isa = XCConfigurationList;
			buildConfigurations = (
				72FA0A26265FC61200545F01 /* Debug */,
				72FA0A27265FC61200545F01 /* Release */,
			);
			defaultConfigurationIsVisible = 0;
			defaultConfigurationName = Release;
		};
		72FA0A28265FC61200545F01 /* Build configuration list for PBXNativeTarget "kent_hw_avrecording" */ = {
			isa = XCConfigurationList;
			buildConfigurations = (
				72FA0A29265FC61200545F01 /* Debug */,
				72FA0A2A265FC61200545F01 /* Release */,
			);
			defaultConfigurationIsVisible = 0;
			defaultConfigurationName = Release;
		};
/* End XCConfigurationList section */
	};
	rootObject = 72FA0A0C265FC61000545F01 /* Project object */;
}
